
Microsoft Visual Studio Solution File, Format Version 12.00
# Visual Studio Version 16
VisualStudioVersion = 16.0.31105.61
MinimumVisualStudioVersion = 10.0.40219.1
Project("{FAE04EC0-301F-11D3-BF4B-00C04F79EFBC}") = "lab4", "lab4.csproj", "{545AB1FA-5330-46E1-81EE-0B4F160F4206}"
EndProject
Global
	GlobalSection(SolutionConfigurationPlatforms) = preSolution
		Debug|Any CPU = Debug|Any CPU
		Release|Any CPU = Release|Any CPU
	EndGlobalSection
	GlobalSection(ProjectConfigurationPlatforms) = postSolution
		{545AB1FA-5330-46E1-81EE-0B4F160F4206}.Debug|Any CPU.ActiveCfg = Debug|Any CPU
		{545AB1FA-5330-46E1-81EE-0B4F160F4206}.Debug|Any CPU.Build.0 = Debug|Any CPU
		{545AB1FA-5330-46E1-81EE-0B4F160F4206}.Release|Any CPU.ActiveCfg = Release|Any CPU
		{545AB1FA-5330-46E1-81EE-0B4F160F4206}.Release|Any CPU.Build.0 = Release|Any CPU
	EndGlobalSection
	GlobalSection(SolutionProperties) = preSolution
		HideSolutionNode = FALSE
	EndGlobalSection
	GlobalSection(ExtensibilityGlobals) = postSolution
		SolutionGuid = {AB04AFF6-5999-489F-BA75-7EA4EFD903B8}
	EndGlobalSection
EndGlobal
